# THIS IS AN AUTOGENERATED FILE. DO NOT EDIT THIS FILE DIRECTLY.
# yarn lockfile v1


"@types/bson@*":
  version "1.0.11"
  resolved "https://registry.yarnpkg.com/@types/bson/-/bson-1.0.11.tgz#c95ad69bb0b3f5c33b4bb6cc86d86cafb273335c"
  integrity sha512-j+UcCWI+FsbI5/FQP/Kj2CXyplWAz39ktHFkXk84h7dNblKRSoNJs95PZFRd96NQGqsPEPgeclqnznWZr14ZDA==
  dependencies:
    "@types/node" "*"

"@types/mongodb@*":
  version "3.1.18"
  resolved "https://registry.yarnpkg.com/@types/mongodb/-/mongodb-3.1.18.tgz#24e847c15155226895ec9c79660ec0907005deff"
  integrity sha512-8m8yvrDagesNNJdOIMk+g0b5z/sW48FwNp4GS1tRcHMKfQ/o40WsFXOXSfYY7y4xkutPFGQKGb4/GpzGFhpnqw==
  dependencies:
    "@types/bson" "*"
    "@types/node" "*"

"@types/mongoose@~5":
  version "5.5.38"
  resolved "https://registry.yarnpkg.com/@types/mongoose/-/mongoose-5.5.38.tgz#798fb8f4a50e21953138daf5195c0d8db9aa2f40"
  integrity sha512-W+vLJ4t0DUQhnV/ivLBLVCOvx3UnU/HgrKrEeHCUwE9VGDTdoOQOgOTiElErf+ome9zZUek6VZil5t7HfJvO+w==
  dependencies:
    "@types/mongodb" "*"
    "@types/node" "*"

"@types/node@*":
  version "10.12.18"
  resolved "https://registry.yarnpkg.com/@types/node/-/node-10.12.18.tgz#1d3ca764718915584fcd9f6344621b7672665c67"
  integrity sha512-fh+pAqt4xRzPfqA6eh3Z2y6fyZavRIumvjhaCL753+TVkGKGhpPeyrJG2JftD0T9q4GF00KjefsQ+PQNDdWQaQ==

"@types/node@~10":
  version "10.17.13"
  resolved "https://registry.yarnpkg.com/@types/node/-/node-10.17.13.tgz#ccebcdb990bd6139cd16e84c39dc2fb1023ca90c"
  integrity sha512-pMCcqU2zT4TjqYFrWtYHKal7Sl30Ims6ulZ4UFXxI4xbtQqK/qqKwkDoBFCfooRqqmRu9vY3xaJRwxSh673aYg==

api-core@3.0.0:
  version "3.0.0"
  resolved "https://registry.yarnpkg.com/api-core/-/api-core-3.0.0.tgz#6c92d7352f7ece8fc5d1a1dd5e2c2c3392dc4907"
  integrity sha512-2YIQUqrS8+sH+1/SrOK0BPChindPoJ9YV1Sb05mBZGfzbKqRqXU7DF+Wndi0p0niz/gXd5/cqRfDcdBN3wcRJw==
  dependencies:
    debug "^4.1.1"
    deep-keys "^0.3.0"
    obj-parse "^0.3.0"
    simpl-schema "^1.4.2"
    uuid "^3.3.2"

clone@^2.1.2:
  version "2.1.2"
  resolved "https://registry.yarnpkg.com/clone/-/clone-2.1.2.tgz#1b7f4b9f591f1e8f83670401600345a02887435f"
  integrity sha1-G39Ln1kfHo+DZwQBYANFoCiHQ18=

debug@^4.1.1:
  version "4.1.1"
  resolved "https://registry.yarnpkg.com/debug/-/debug-4.1.1.tgz#3b72260255109c6b589cee050f1d516139664791"
  integrity sha512-pYAIzeRo8J6KPEaJ0VWOh5Pzkbw/RetuzehGM7QRRX5he4fPHx2rdKMB256ehJCkX+XRQm16eZLqLNS8RSZXZw==
  dependencies:
    ms "^2.1.1"

deep-keys@^0.3.0:
  version "0.3.0"
  resolved "https://registry.yarnpkg.com/deep-keys/-/deep-keys-0.3.0.tgz#a0522a7c38aed750eec79e077bc52581bbb0fc55"
  integrity sha1-oFIqfDiu11Dux54He8Ulgbuw/FU=

lodash._reinterpolate@^3.0.0:
  version "3.0.0"
  resolved "https://registry.yarnpkg.com/lodash._reinterpolate/-/lodash._reinterpolate-3.0.0.tgz#0ccf2d89166af03b3663c796538b75ac6e114d9d"
  integrity sha1-DM8tiRZq8Ds2Y8eWU4t1rG4RTZ0=

lodash.template@^4.5.0:
  version "4.5.0"
  resolved "https://registry.yarnpkg.com/lodash.template/-/lodash.template-4.5.0.tgz#f976195cf3f347d0d5f52483569fe8031ccce8ab"
  integrity sha512-84vYFxIkmidUiFxidA/KjjH9pAycqW+h980j7Fuz5qxRtO9pgB7MDFTdys1N7A5mcucRiDyEq4fusljItR1T/A==
  dependencies:
    lodash._reinterpolate "^3.0.0"
    lodash.templatesettings "^4.0.0"

lodash.templatesettings@^4.0.0:
  version "4.2.0"
  resolved "https://registry.yarnpkg.com/lodash.templatesettings/-/lodash.templatesettings-4.2.0.tgz#e481310f049d3cf6d47e912ad09313b154f0fb33"
  integrity sha512-stgLz+i3Aa9mZgnjr/O+v9ruKZsPsndy7qPZOchbqk2cnTU1ZaldKK+v7m54WoKIyxiuMZTKT2H81F8BeAc3ZQ==
  dependencies:
    lodash._reinterpolate "^3.0.0"

message-box@^0.2.7:
  version "0.2.7"
  resolved "https://registry.yarnpkg.com/message-box/-/message-box-0.2.7.tgz#7bab342fe0b0eda246d1490a696e965a5e79188a"
  integrity sha512-C4ccA5nHb58kTS+pLrgF/JWtr7fAIkHxRDceH7tdy5fMA783nUfbYwZ7H2XLvSeYfcnWIYCig5dWW+icK9X/Ag==
  dependencies:
    lodash.template "^4.5.0"

mongo-object@^0.1.4:
  version "0.1.4"
  resolved "https://registry.yarnpkg.com/mongo-object/-/mongo-object-0.1.4.tgz#950d1d856b85af5f2321b82bb08b67b9c27f9766"
  integrity sha512-QtYk0gupWEn2+iB+DDRt1L+WbcNYvJRaHdih/dcqthOa1DbnREUGSs2WGcW478GNYpElflo/yybZXu0sTiRXHg==

ms@^2.1.1:
  version "2.1.2"
  resolved "https://registry.yarnpkg.com/ms/-/ms-2.1.2.tgz#d09d1f357b443f493382a8eb3ccd183872ae6009"
  integrity sha512-sGkPx+VjMtmA6MX27oA4FBFELFCZZ4S4XqeGOXCv68tT+jb3vk/RyaKWP0PTKyWtmLSM0b+adUTEvbs1PEaH2w==

obj-parse@^0.3.0:
  version "0.3.0"
  resolved "https://registry.yarnpkg.com/obj-parse/-/obj-parse-0.3.0.tgz#da854afc102fb7099d825c5e37bddcff867cbf4f"
  integrity sha1-2oVK/BAvtwmdglxeN73c/4Z8v08=

simpl-schema@^1.4.2:
  version "1.12.0"
  resolved "https://registry.yarnpkg.com/simpl-schema/-/simpl-schema-1.12.0.tgz#299ff4446c7fce59678be7e55b5ab0db7566a343"
  integrity sha512-lzXC3L8jJbPhNXGR3cjlyIauqqrC5WUJS4O34Ym/wLIvb8K3ZieK+1OfTzs4mBpDc3Y8u53gQFAr1X37DmTcEg==
  dependencies:
    clone "^2.1.2"
    message-box "^0.2.7"
    mongo-object "^0.1.4"

uuid@^3.3.2:
  version "3.3.3"
  resolved "https://registry.yarnpkg.com/uuid/-/uuid-3.3.3.tgz#4568f0216e78760ee1dbf3a4d2cf53e224112866"
  integrity sha512-pW0No1RGHgzlpHJO1nsVrHKpOEIxkGg1xB+v0ZmdNH5OAeAwzAVrCnI2/6Mtx+Uys6iaylxa+D3g4j63IKKjSQ==
